
Microsoft Visual Studio Solution File, Format Version 12.00
# Visual Studio Version 16
VisualStudioVersion = 16.0.30717.126
MinimumVisualStudioVersion = 10.0.40219.1
Project("{FAE04EC0-301F-11D3-BF4B-00C04F79EFBC}") = "Client", "Client.csproj", "{A348921C-8443-4D85-A39C-1B883846EB51}"
EndProject
Project("{FAE04EC0-301F-11D3-BF4B-00C04F79EFBC}") = "ConsoleProject", "..\ConsoleProject\ConsoleProject.csproj", "{D7D04068-C598-4AF1-8D11-AB916DF38F30}"
EndProject
Project("{2150E333-8FDC-42A3-9474-1A3956D46DE8}") = "IOCDI.BLL", "IOCDI.BLL", "{51821FC8-C4BF-49C3-97E2-EB02324E2876}"
EndProject
Project("{2150E333-8FDC-42A3-9474-1A3956D46DE8}") = "IOCDI.DAL", "IOCDI.DAL", "{02A256CC-85FA-4788-9112-0D90C5BA4442}"
EndProject
Project("{2150E333-8FDC-42A3-9474-1A3956D46DE8}") = "IOCDI.Common", "IOCDI.Common", "{A46EC4D3-2227-4889-885D-F7C0304AC71E}"
EndProject
Project("{2150E333-8FDC-42A3-9474-1A3956D46DE8}") = "OtherService", "OtherService", "{6A879078-4C29-4E1A-AEC6-AA88725993A5}"
EndProject
Project("{FAE04EC0-301F-11D3-BF4B-00C04F79EFBC}") = "IDAL", "..\IDAL\IDAL.csproj", "{5422E197-4E6D-4E46-B3BE-BB00B0D00FF8}"
EndProject
Project("{FAE04EC0-301F-11D3-BF4B-00C04F79EFBC}") = "DAL", "..\DAL\DAL.csproj", "{F967CCE2-676F-4C3F-96D2-04D83A8CB1B8}"
EndProject
Project("{FAE04EC0-301F-11D3-BF4B-00C04F79EFBC}") = "BLL", "..\BLL\BLL.csproj", "{E6270359-52B3-4E74-9F8C-B300C534A9C2}"
EndProject
Project("{FAE04EC0-301F-11D3-BF4B-00C04F79EFBC}") = "Model", "..\Model\Model.csproj", "{23DB1A7F-2C24-4EF5-980E-C851D1F07E3B}"
EndProject
Project("{FAE04EC0-301F-11D3-BF4B-00C04F79EFBC}") = "IBLL", "..\IBLL\IBLL.csproj", "{BA453360-7FBE-43A0-8699-8B851059026C}"
EndProject
Project("{FAE04EC0-301F-11D3-BF4B-00C04F79EFBC}") = "Framework", "..\Framework\Framework.csproj", "{89918235-3A41-407C-91A9-C988957FB398}"
EndProject
Project("{2150E333-8FDC-42A3-9474-1A3956D46DE8}") = "IOCDI.OtherService", "IOCDI.OtherService", "{CA8A6863-4B4D-442D-B536-036D84894B1A}"
EndProject
Project("{FAE04EC0-301F-11D3-BF4B-00C04F79EFBC}") = "IOCDI.Interface", "..\IOCDI.Interface\IOCDI.Interface.csproj", "{79EDBDD0-ACF4-49D9-81B7-63351E6AE30F}"
EndProject
Project("{FAE04EC0-301F-11D3-BF4B-00C04F79EFBC}") = "IOCDI.Service", "..\IOCDI.Service\IOCDI.Service.csproj", "{4FAFDC38-D6EE-4227-9402-B73166A90A23}"
EndProject
Global
	GlobalSection(SolutionConfigurationPlatforms) = preSolution
		Debug|Any CPU = Debug|Any CPU
		Release|Any CPU = Release|Any CPU
	EndGlobalSection
	GlobalSection(ProjectConfigurationPlatforms) = postSolution
		{A348921C-8443-4D85-A39C-1B883846EB51}.Debug|Any CPU.ActiveCfg = Debug|Any CPU
		{A348921C-8443-4D85-A39C-1B883846EB51}.Debug|Any CPU.Build.0 = Debug|Any CPU
		{A348921C-8443-4D85-A39C-1B883846EB51}.Release|Any CPU.ActiveCfg = Release|Any CPU
		{A348921C-8443-4D85-A39C-1B883846EB51}.Release|Any CPU.Build.0 = Release|Any CPU
		{D7D04068-C598-4AF1-8D11-AB916DF38F30}.Debug|Any CPU.ActiveCfg = Debug|Any CPU
		{D7D04068-C598-4AF1-8D11-AB916DF38F30}.Debug|Any CPU.Build.0 = Debug|Any CPU
		{D7D04068-C598-4AF1-8D11-AB916DF38F30}.Release|Any CPU.ActiveCfg = Release|Any CPU
		{D7D04068-C598-4AF1-8D11-AB916DF38F30}.Release|Any CPU.Build.0 = Release|Any CPU
		{5422E197-4E6D-4E46-B3BE-BB00B0D00FF8}.Debug|Any CPU.ActiveCfg = Debug|Any CPU
		{5422E197-4E6D-4E46-B3BE-BB00B0D00FF8}.Debug|Any CPU.Build.0 = Debug|Any CPU
		{5422E197-4E6D-4E46-B3BE-BB00B0D00FF8}.Release|Any CPU.ActiveCfg = Release|Any CPU
		{5422E197-4E6D-4E46-B3BE-BB00B0D00FF8}.Release|Any CPU.Build.0 = Release|Any CPU
		{F967CCE2-676F-4C3F-96D2-04D83A8CB1B8}.Debug|Any CPU.ActiveCfg = Debug|Any CPU
		{F967CCE2-676F-4C3F-96D2-04D83A8CB1B8}.Debug|Any CPU.Build.0 = Debug|Any CPU
		{F967CCE2-676F-4C3F-96D2-04D83A8CB1B8}.Release|Any CPU.ActiveCfg = Release|Any CPU
		{F967CCE2-676F-4C3F-96D2-04D83A8CB1B8}.Release|Any CPU.Build.0 = Release|Any CPU
		{E6270359-52B3-4E74-9F8C-B300C534A9C2}.Debug|Any CPU.ActiveCfg = Debug|Any CPU
		{E6270359-52B3-4E74-9F8C-B300C534A9C2}.Debug|Any CPU.Build.0 = Debug|Any CPU
		{E6270359-52B3-4E74-9F8C-B300C534A9C2}.Release|Any CPU.ActiveCfg = Release|Any CPU
		{E6270359-52B3-4E74-9F8C-B300C534A9C2}.Release|Any CPU.Build.0 = Release|Any CPU
		{23DB1A7F-2C24-4EF5-980E-C851D1F07E3B}.Debug|Any CPU.ActiveCfg = Debug|Any CPU
		{23DB1A7F-2C24-4EF5-980E-C851D1F07E3B}.Debug|Any CPU.Build.0 = Debug|Any CPU
		{23DB1A7F-2C24-4EF5-980E-C851D1F07E3B}.Release|Any CPU.ActiveCfg = Release|Any CPU
		{23DB1A7F-2C24-4EF5-980E-C851D1F07E3B}.Release|Any CPU.Build.0 = Release|Any CPU
		{BA453360-7FBE-43A0-8699-8B851059026C}.Debug|Any CPU.ActiveCfg = Debug|Any CPU
		{BA453360-7FBE-43A0-8699-8B851059026C}.Debug|Any CPU.Build.0 = Debug|Any CPU
		{BA453360-7FBE-43A0-8699-8B851059026C}.Release|Any CPU.ActiveCfg = Release|Any CPU
		{BA453360-7FBE-43A0-8699-8B851059026C}.Release|Any CPU.Build.0 = Release|Any CPU
		{89918235-3A41-407C-91A9-C988957FB398}.Debug|Any CPU.ActiveCfg = Debug|Any CPU
		{89918235-3A41-407C-91A9-C988957FB398}.Debug|Any CPU.Build.0 = Debug|Any CPU
		{89918235-3A41-407C-91A9-C988957FB398}.Release|Any CPU.ActiveCfg = Release|Any CPU
		{89918235-3A41-407C-91A9-C988957FB398}.Release|Any CPU.Build.0 = Release|Any CPU
		{79EDBDD0-ACF4-49D9-81B7-63351E6AE30F}.Debug|Any CPU.ActiveCfg = Debug|Any CPU
		{79EDBDD0-ACF4-49D9-81B7-63351E6AE30F}.Debug|Any CPU.Build.0 = Debug|Any CPU
		{79EDBDD0-ACF4-49D9-81B7-63351E6AE30F}.Release|Any CPU.ActiveCfg = Release|Any CPU
		{79EDBDD0-ACF4-49D9-81B7-63351E6AE30F}.Release|Any CPU.Build.0 = Release|Any CPU
		{4FAFDC38-D6EE-4227-9402-B73166A90A23}.Debug|Any CPU.ActiveCfg = Debug|Any CPU
		{4FAFDC38-D6EE-4227-9402-B73166A90A23}.Debug|Any CPU.Build.0 = Debug|Any CPU
		{4FAFDC38-D6EE-4227-9402-B73166A90A23}.Release|Any CPU.ActiveCfg = Release|Any CPU
		{4FAFDC38-D6EE-4227-9402-B73166A90A23}.Release|Any CPU.Build.0 = Release|Any CPU
	EndGlobalSection
	GlobalSection(SolutionProperties) = preSolution
		HideSolutionNode = FALSE
	EndGlobalSection
	GlobalSection(NestedProjects) = preSolution
		{5422E197-4E6D-4E46-B3BE-BB00B0D00FF8} = {02A256CC-85FA-4788-9112-0D90C5BA4442}
		{F967CCE2-676F-4C3F-96D2-04D83A8CB1B8} = {02A256CC-85FA-4788-9112-0D90C5BA4442}
		{E6270359-52B3-4E74-9F8C-B300C534A9C2} = {51821FC8-C4BF-49C3-97E2-EB02324E2876}
		{23DB1A7F-2C24-4EF5-980E-C851D1F07E3B} = {A46EC4D3-2227-4889-885D-F7C0304AC71E}
		{BA453360-7FBE-43A0-8699-8B851059026C} = {51821FC8-C4BF-49C3-97E2-EB02324E2876}
		{89918235-3A41-407C-91A9-C988957FB398} = {A46EC4D3-2227-4889-885D-F7C0304AC71E}
		{79EDBDD0-ACF4-49D9-81B7-63351E6AE30F} = {CA8A6863-4B4D-442D-B536-036D84894B1A}
		{4FAFDC38-D6EE-4227-9402-B73166A90A23} = {CA8A6863-4B4D-442D-B536-036D84894B1A}
	EndGlobalSection
	GlobalSection(ExtensibilityGlobals) = postSolution
		SolutionGuid = {CDBA0419-AEC0-4285-94D2-7D6991225536}
	EndGlobalSection
EndGlobal
